
Microsoft Visual Studio Solution File, Format Version 12.00
# Visual Studio Version 17
VisualStudioVersion = 17.4.33205.214
MinimumVisualStudioVersion = 10.0.40219.1
Project("{FAE04EC0-301F-11D3-BF4B-00C04F79EFBC}") = "STANHOTEL", "STANHOTEL\STANHOTEL.csproj", "{A696C003-4C9D-4765-A86F-B64A70B7DA54}"
EndProject
Global
	GlobalSection(SolutionConfigurationPlatforms) = preSolution
		Debug|Any CPU = Debug|Any CPU
		Release|Any CPU = Release|Any CPU
	EndGlobalSection
	GlobalSection(ProjectConfigurationPlatforms) = postSolution
		{A696C003-4C9D-4765-A86F-B64A70B7DA54}.Debug|Any CPU.ActiveCfg = Debug|Any CPU
		{A696C003-4C9D-4765-A86F-B64A70B7DA54}.Debug|Any CPU.Build.0 = Debug|Any CPU
		{A696C003-4C9D-4765-A86F-B64A70B7DA54}.Release|Any CPU.ActiveCfg = Release|Any CPU
		{A696C003-4C9D-4765-A86F-B64A70B7DA54}.Release|Any CPU.Build.0 = Release|Any CPU
	EndGlobalSection
	GlobalSection(SolutionProperties) = preSolution
		HideSolutionNode = FALSE
	EndGlobalSection
	GlobalSection(ExtensibilityGlobals) = postSolution
		SolutionGuid = {4B0FF7FC-C32A-47E0-976E-1DA493EB883F}
	EndGlobalSection
EndGlobal
